
Microsoft Visual Studio Solution File, Format Version 12.00
# Visual Studio Version 16
VisualStudioVersion = 16.0.30711.63
MinimumVisualStudioVersion = 15.0.26124.0
Project("{6EC3EE1D-3C4E-46DD-8F32-0CC8E7565705}") = "MyProject", "src\MyProject\MyProject.fsproj", "{8C79D120-17F3-4A46-9EF5-2E93A9EAF03B}"
EndProject
Project("{6EC3EE1D-3C4E-46DD-8F32-0CC8E7565705}") = "MyProject.Tests", "test\MyProject.Tests\MyProject.Tests.fsproj", "{613825EE-AE96-485B-A999-99DCA6865F56}"
EndProject
Project("{6EC3EE1D-3C4E-46DD-8F32-0CC8E7565705}") = "MyProject.Benchmarks", "benchmark\MyProject.Benchmarks.fsproj", "{2219B99C-48A9-4814-8E91-D6EDB604156B}"
EndProject
Global
	GlobalSection(SolutionConfigurationPlatforms) = preSolution
		Debug|Any CPU = Debug|Any CPU
		Debug|x64 = Debug|x64
		Debug|x86 = Debug|x86
		Release|Any CPU = Release|Any CPU
		Release|x64 = Release|x64
		Release|x86 = Release|x86
	EndGlobalSection
	GlobalSection(ProjectConfigurationPlatforms) = postSolution
		{8C79D120-17F3-4A46-9EF5-2E93A9EAF03B}.Debug|Any CPU.ActiveCfg = Debug|Any CPU
		{8C79D120-17F3-4A46-9EF5-2E93A9EAF03B}.Debug|Any CPU.Build.0 = Debug|Any CPU
		{8C79D120-17F3-4A46-9EF5-2E93A9EAF03B}.Debug|x64.ActiveCfg = Debug|Any CPU
		{8C79D120-17F3-4A46-9EF5-2E93A9EAF03B}.Debug|x64.Build.0 = Debug|Any CPU
		{8C79D120-17F3-4A46-9EF5-2E93A9EAF03B}.Debug|x86.ActiveCfg = Debug|Any CPU
		{8C79D120-17F3-4A46-9EF5-2E93A9EAF03B}.Debug|x86.Build.0 = Debug|Any CPU
		{8C79D120-17F3-4A46-9EF5-2E93A9EAF03B}.Release|Any CPU.ActiveCfg = Release|Any CPU
		{8C79D120-17F3-4A46-9EF5-2E93A9EAF03B}.Release|Any CPU.Build.0 = Release|Any CPU
		{8C79D120-17F3-4A46-9EF5-2E93A9EAF03B}.Release|x64.ActiveCfg = Release|Any CPU
		{8C79D120-17F3-4A46-9EF5-2E93A9EAF03B}.Release|x64.Build.0 = Release|Any CPU
		{8C79D120-17F3-4A46-9EF5-2E93A9EAF03B}.Release|x86.ActiveCfg = Release|Any CPU
		{8C79D120-17F3-4A46-9EF5-2E93A9EAF03B}.Release|x86.Build.0 = Release|Any CPU
		{613825EE-AE96-485B-A999-99DCA6865F56}.Debug|Any CPU.ActiveCfg = Debug|Any CPU
		{613825EE-AE96-485B-A999-99DCA6865F56}.Debug|Any CPU.Build.0 = Debug|Any CPU
		{613825EE-AE96-485B-A999-99DCA6865F56}.Debug|x64.ActiveCfg = Debug|Any CPU
		{613825EE-AE96-485B-A999-99DCA6865F56}.Debug|x64.Build.0 = Debug|Any CPU
		{613825EE-AE96-485B-A999-99DCA6865F56}.Debug|x86.ActiveCfg = Debug|Any CPU
		{613825EE-AE96-485B-A999-99DCA6865F56}.Debug|x86.Build.0 = Debug|Any CPU
		{613825EE-AE96-485B-A999-99DCA6865F56}.Release|Any CPU.ActiveCfg = Release|Any CPU
		{613825EE-AE96-485B-A999-99DCA6865F56}.Release|Any CPU.Build.0 = Release|Any CPU
		{613825EE-AE96-485B-A999-99DCA6865F56}.Release|x64.ActiveCfg = Release|Any CPU
		{613825EE-AE96-485B-A999-99DCA6865F56}.Release|x64.Build.0 = Release|Any CPU
		{613825EE-AE96-485B-A999-99DCA6865F56}.Release|x86.ActiveCfg = Release|Any CPU
		{613825EE-AE96-485B-A999-99DCA6865F56}.Release|x86.Build.0 = Release|Any CPU
		{2219B99C-48A9-4814-8E91-D6EDB604156B}.Debug|Any CPU.ActiveCfg = Debug|Any CPU
		{2219B99C-48A9-4814-8E91-D6EDB604156B}.Debug|Any CPU.Build.0 = Debug|Any CPU
		{2219B99C-48A9-4814-8E91-D6EDB604156B}.Debug|x64.ActiveCfg = Debug|Any CPU
		{2219B99C-48A9-4814-8E91-D6EDB604156B}.Debug|x64.Build.0 = Debug|Any CPU
		{2219B99C-48A9-4814-8E91-D6EDB604156B}.Debug|x86.ActiveCfg = Debug|Any CPU
		{2219B99C-48A9-4814-8E91-D6EDB604156B}.Debug|x86.Build.0 = Debug|Any CPU
		{2219B99C-48A9-4814-8E91-D6EDB604156B}.Release|Any CPU.ActiveCfg = Release|Any CPU
		{2219B99C-48A9-4814-8E91-D6EDB604156B}.Release|Any CPU.Build.0 = Release|Any CPU
		{2219B99C-48A9-4814-8E91-D6EDB604156B}.Release|x64.ActiveCfg = Release|Any CPU
		{2219B99C-48A9-4814-8E91-D6EDB604156B}.Release|x64.Build.0 = Release|Any CPU
		{2219B99C-48A9-4814-8E91-D6EDB604156B}.Release|x86.ActiveCfg = Release|Any CPU
		{2219B99C-48A9-4814-8E91-D6EDB604156B}.Release|x86.Build.0 = Release|Any CPU
	EndGlobalSection
	GlobalSection(SolutionProperties) = preSolution
		HideSolutionNode = FALSE
	EndGlobalSection
	GlobalSection(ExtensibilityGlobals) = postSolution
		SolutionGuid = {A4BADC63-DE74-49F9-94DE-C4B94CC3B297}
	EndGlobalSection
EndGlobal
